{
  "version": 4,
  "terraform_version": "0.12.25",
  "serial": 26,
  "lineage": "9a2b6220-15ac-83fb-952c-4a0d9a5c4045",
  "outputs": {},
  "resources": [
    {
      "mode": "managed",
      "type": "google_container_cluster",
      "name": "gke-cluster",
      "provider": "provider.google",
      "instances": [
        {
          "schema_version": 1,
          "attributes": {
            "additional_zones": [],
            "addons_config": [
              {
                "horizontal_pod_autoscaling": [],
                "http_load_balancing": [],
                "kubernetes_dashboard": [],
                "network_policy_config": [
                  {
                    "disabled": true
                  }
                ]
              }
            ],
            "authenticator_groups_config": [],
            "cluster_autoscaling": [
              {
                "auto_provisioning_defaults": [],
                "enabled": false,
                "resource_limits": []
              }
            ],
            "cluster_ipv4_cidr": "10.8.0.0/14",
            "default_max_pods_per_node": 110,
            "description": "",
            "enable_binary_authorization": false,
            "enable_intranode_visibility": null,
            "enable_kubernetes_alpha": false,
            "enable_legacy_abac": false,
            "enable_tpu": null,
            "endpoint": "34.71.113.24",
            "id": "projects/peaceful-crane-278322/locations/us-central1-c/clusters/my-first-gke-cluster",
            "initial_node_count": 1,
            "instance_group_urls": [
              "https://www.googleapis.com/compute/v1/projects/peaceful-crane-278322/zones/us-central1-c/instanceGroups/gke-my-first-gke-cluster-default-pool-65a84ce6-grp"
            ],
            "ip_allocation_policy": [],
            "label_fingerprint": "a9dc16a7",
            "location": "us-central1-c",
            "logging_service": "logging.googleapis.com/kubernetes",
            "maintenance_policy": [],
            "master_auth": [
              {
                "client_certificate": "",
                "client_certificate_config": [
                  {
                    "issue_client_certificate": false
                  }
                ],
                "client_key": "",
                "cluster_ca_certificate": "LS0tLS1CRUdJTiBDRVJUSUZJQ0FURS0tLS0tCk1JSURERENDQWZTZ0F3SUJBZ0lSQU9EQThiNnYvVDFQc0QvSnppTUNPZFF3RFFZSktvWklodmNOQVFFTEJRQXcKTHpFdE1Dc0dBMVVFQXhNa1kyRm1ZV0ZrWldFdE9Ua3dNaTAwT1RVM0xXSTFNbVF0WVRBM01XRTJaVFE1TkRrMgpNQjRYRFRJd01EVXlOekl5TVRBeU5sb1hEVEkxTURVeU5qSXpNVEF5Tmxvd0x6RXRNQ3NHQTFVRUF4TWtZMkZtCllXRmtaV0V0T1Rrd01pMDBPVFUzTFdJMU1tUXRZVEEzTVdFMlpUUTVORGsyTUlJQklqQU5CZ2txaGtpRzl3MEIKQVFFRkFBT0NBUThBTUlJQkNnS0NBUUVBMHdwN1R2Tm9ub1dnT0RsbGc3ckxSWlJZRC9DK3RxZXJuRXdPL2JlQwpBZWtkeHUyZzNIVE9PTlJWS05za08vMmRKR3R1TnpKRVRIZ1FMRVN6TWE2T0FqaEZtTklRNmVWZjNaai96eVVUCitmOGwvWW5sNWhlUlgzUEtja00xc09tTU9ROFErNWhqTVVqcGl4LzNCa0NPQU5saXRWb3hkS3hVYUVwK0lQMUIKTzczbm1zOTdzaUFNYWhoU2ovU3B5eHhodERpQVhhejU0Vmh6THRjNHVvZHdtUkp3aVJJZGNFU0RMRExVK0NEQgp3NUtjb1Z4K0w0WmFZYVd2OXdDRFpFSlNTK0oyQzVONXVaNFdUT1RLaFI1MUFtcXl4WHRuUjVMVHpTVU83TGtiCnFsRHJzVzloMVQzSjhua0tuT3diZ1laT2x1MHkzSGNwZnJWWmxPWE44TnIzb3dJREFRQUJveU13SVRBT0JnTlYKSFE4QkFmOEVCQU1DQWdRd0R3WURWUjBUQVFIL0JBVXdBd0VCL3pBTkJna3Foa2lHOXcwQkFRc0ZBQU9DQVFFQQpqbDBYK1FOU1FkbzFLVnFhM1FwNlRUdEpBMTYyMHB5SUtCNzg5djFlWU1mUHE5YkF6OVVwa01vRmpsNjBScDZFCmdGbkpyRjdaZVBITUhQNmovNUtNa0NJenQxVXJXZXhZSGRIdy80WnkybTEwZkZaRHVaRjRHOHgyRTRGK1Y3L2MKN0M1bkZXZjBERG9NSHBQeXJSeVhhVnJSZ1RkdFUzZTgycEZDTmNGZXZBTDBwbDF6ZmJ1b3QrOXlnUDlXVXk1Tgp4a0RNNTNLc0Ywd2ZDYTNzd2QyeGtMa2lJTXhkeWtJOFM3aUpUeWRVWVU0anNsYTByd2ZIQWNMbVVwd3ErMWVBClk5aEdUUmtobjIzRUh0dU04SU5tdkFTQUZycTRqRStYcHE0WUxtNGc3UTZWd3R4Q24wei9PbUkvVExLRENUVGwKemhaZ2pYbE10cHJ0SkdZb1FUa0wxZz09Ci0tLS0tRU5EIENFUlRJRklDQVRFLS0tLS0K",
                "password": "",
                "username": ""
              }
            ],
            "master_authorized_networks_config": [],
            "master_version": "1.14.10-gke.36",
            "min_master_version": null,
            "monitoring_service": "monitoring.googleapis.com/kubernetes",
            "name": "my-first-gke-cluster",
            "network": "projects/peaceful-crane-278322/global/networks/default",
            "network_policy": [
              {
                "enabled": false,
                "provider": "PROVIDER_UNSPECIFIED"
              }
            ],
            "node_config": [
              {
                "disk_size_gb": 100,
                "disk_type": "pd-standard",
                "guest_accelerator": [],
                "image_type": "COS",
                "labels": {},
                "local_ssd_count": 0,
                "machine_type": "n1-standard-1",
                "metadata": {
                  "disable-legacy-endpoints": "true"
                },
                "min_cpu_platform": "",
                "oauth_scopes": [
                  "https://www.googleapis.com/auth/devstorage.read_only",
                  "https://www.googleapis.com/auth/logging.write",
                  "https://www.googleapis.com/auth/monitoring",
                  "https://www.googleapis.com/auth/service.management.readonly",
                  "https://www.googleapis.com/auth/servicecontrol",
                  "https://www.googleapis.com/auth/trace.append"
                ],
                "preemptible": false,
                "sandbox_config": [],
                "service_account": "default",
                "shielded_instance_config": [
                  {
                    "enable_integrity_monitoring": true,
                    "enable_secure_boot": false
                  }
                ],
                "tags": [],
                "taint": [],
                "workload_metadata_config": []
              }
            ],
            "node_locations": [],
            "node_pool": [
              {
                "autoscaling": [],
                "initial_node_count": 1,
                "instance_group_urls": [
                  "https://www.googleapis.com/compute/v1/projects/peaceful-crane-278322/zones/us-central1-c/instanceGroupManagers/gke-my-first-gke-cluster-default-pool-65a84ce6-grp"
                ],
                "management": [
                  {
                    "auto_repair": false,
                    "auto_upgrade": true
                  }
                ],
                "max_pods_per_node": 0,
                "name": "default-pool",
                "name_prefix": "",
                "node_config": [
                  {
                    "disk_size_gb": 100,
                    "disk_type": "pd-standard",
                    "guest_accelerator": [],
                    "image_type": "COS",
                    "labels": {},
                    "local_ssd_count": 0,
                    "machine_type": "n1-standard-1",
                    "metadata": {
                      "disable-legacy-endpoints": "true"
                    },
                    "min_cpu_platform": "",
                    "oauth_scopes": [
                      "https://www.googleapis.com/auth/devstorage.read_only",
                      "https://www.googleapis.com/auth/logging.write",
                      "https://www.googleapis.com/auth/monitoring",
                      "https://www.googleapis.com/auth/service.management.readonly",
                      "https://www.googleapis.com/auth/servicecontrol",
                      "https://www.googleapis.com/auth/trace.append"
                    ],
                    "preemptible": false,
                    "sandbox_config": [],
                    "service_account": "default",
                    "shielded_instance_config": [
                      {
                        "enable_integrity_monitoring": true,
                        "enable_secure_boot": false
                      }
                    ],
                    "tags": [],
                    "taint": [],
                    "workload_metadata_config": []
                  }
                ],
                "node_count": 1,
                "upgrade_settings": [
                  {
                    "max_surge": 1,
                    "max_unavailable": 0
                  }
                ],
                "version": "1.14.10-gke.36"
              }
            ],
            "node_version": "1.14.10-gke.36",
            "operation": null,
            "pod_security_policy_config": null,
            "private_cluster_config": [],
            "project": "peaceful-crane-278322",
            "region": null,
            "remove_default_node_pool": null,
            "resource_labels": null,
            "resource_usage_export_config": [],
            "services_ipv4_cidr": "10.11.240.0/20",
            "subnetwork": "projects/peaceful-crane-278322/regions/us-central1/subnetworks/default",
            "timeouts": null,
            "vertical_pod_autoscaling": [],
            "zone": null
          },
          "private": "eyJlMmJmYjczMC1lY2FhLTExZTYtOGY4OC0zNDM2M2JjN2M0YzAiOnsiY3JlYXRlIjoyNDAwMDAwMDAwMDAwLCJkZWxldGUiOjI0MDAwMDAwMDAwMDAsInVwZGF0ZSI6MzYwMDAwMDAwMDAwMH0sInNjaGVtYV92ZXJzaW9uIjoiMSJ9"
        }
      ]
    }
  ]
}
